
Microsoft Visual Studio Solution File, Format Version 12.00
# Visual Studio Version 17
VisualStudioVersion = 17.7.34031.279
MinimumVisualStudioVersion = 10.0.40219.1
Project("{9A19103F-16F7-4668-BE54-9A1E7A4F7556}") = "DataGridProject", "DataGridProject\DataGridProject.csproj", "{386F6925-E6CA-46B2-8739-95A772656B31}"
EndProject
Project("{9A19103F-16F7-4668-BE54-9A1E7A4F7556}") = "DataGridTests", "DataGridTests\DataGridTests.csproj", "{7DC213FA-DED7-49AD-8181-371A8F842914}"
EndProject
Global
	GlobalSection(SolutionConfigurationPlatforms) = preSolution
		Debug|Any CPU = Debug|Any CPU
		Release|Any CPU = Release|Any CPU
	EndGlobalSection
	GlobalSection(ProjectConfigurationPlatforms) = postSolution
		{386F6925-E6CA-46B2-8739-95A772656B31}.Debug|Any CPU.ActiveCfg = Debug|Any CPU
		{386F6925-E6CA-46B2-8739-95A772656B31}.Debug|Any CPU.Build.0 = Debug|Any CPU
		{386F6925-E6CA-46B2-8739-95A772656B31}.Release|Any CPU.ActiveCfg = Release|Any CPU
		{386F6925-E6CA-46B2-8739-95A772656B31}.Release|Any CPU.Build.0 = Release|Any CPU
		{7DC213FA-DED7-49AD-8181-371A8F842914}.Debug|Any CPU.ActiveCfg = Debug|Any CPU
		{7DC213FA-DED7-49AD-8181-371A8F842914}.Debug|Any CPU.Build.0 = Debug|Any CPU
		{7DC213FA-DED7-49AD-8181-371A8F842914}.Release|Any CPU.ActiveCfg = Release|Any CPU
		{7DC213FA-DED7-49AD-8181-371A8F842914}.Release|Any CPU.Build.0 = Release|Any CPU
	EndGlobalSection
	GlobalSection(SolutionProperties) = preSolution
		HideSolutionNode = FALSE
	EndGlobalSection
	GlobalSection(ExtensibilityGlobals) = postSolution
		SolutionGuid = {674702F2-B2E2-455B-9D08-B05DABFD4A14}
	EndGlobalSection
EndGlobal
